
Microsoft Visual Studio Solution File, Format Version 12.00
# Visual Studio Version 16
VisualStudioVersion = 16.0.30804.86
MinimumVisualStudioVersion = 10.0.40219.1
Project("{FAE04EC0-301F-11D3-BF4B-00C04F79EFBC}") = "WebApitest", "WebApitest.csproj", "{DA09CDBF-631C-4307-BD2F-B497B118B21E}"
EndProject
Global
	GlobalSection(SolutionConfigurationPlatforms) = preSolution
		Debug|Any CPU = Debug|Any CPU
		Release|Any CPU = Release|Any CPU
	EndGlobalSection
	GlobalSection(ProjectConfigurationPlatforms) = postSolution
		{DA09CDBF-631C-4307-BD2F-B497B118B21E}.Debug|Any CPU.ActiveCfg = Debug|Any CPU
		{DA09CDBF-631C-4307-BD2F-B497B118B21E}.Debug|Any CPU.Build.0 = Debug|Any CPU
		{DA09CDBF-631C-4307-BD2F-B497B118B21E}.Release|Any CPU.ActiveCfg = Release|Any CPU
		{DA09CDBF-631C-4307-BD2F-B497B118B21E}.Release|Any CPU.Build.0 = Release|Any CPU
	EndGlobalSection
	GlobalSection(SolutionProperties) = preSolution
		HideSolutionNode = FALSE
	EndGlobalSection
	GlobalSection(ExtensibilityGlobals) = postSolution
		SolutionGuid = {6AD1CCCE-3885-4D8A-AAEB-F66F2C5D828D}
	EndGlobalSection
EndGlobal
